// !$*UTF8*$!
{
	archiveVersion = 1;
	classes = {
	};
	objectVersion = 48;
	objects = {

/* Begin PBXBuildFile section */
		189BACEF222A426F00020497 /* AppDelegate.m in Sources */ = {isa = PBXBuildFile; fileRef = 189BACEE222A426F00020497 /* AppDelegate.m */; };
		189BACF2222A426F00020497 /* ViewController.m in Sources */ = {isa = PBXBuildFile; fileRef = 189BACF1222A426F00020497 /* ViewController.m */; };
		189BACF5222A426F00020497 /* Main.storyboard in Resources */ = {isa = PBXBuildFile; fileRef = 189BACF3222A426F00020497 /* Main.storyboard */; };
		189BACF8222A426F00020497 /* Mountaineer.xcdatamodeld in Sources */ = {isa = PBXBuildFile; fileRef = 189BACF6222A426F00020497 /* Mountaineer.xcdatamodeld */; };
		189BACFA222A426F00020497 /* Assets.xcassets in Resources */ = {isa = PBXBuildFile; fileRef = 189BACF9222A426F00020497 /* Assets.xcassets */; };
		189BACFD222A426F00020497 /* LaunchScreen.storyboard in Resources */ = {isa = PBXBuildFile; fileRef = 189BACFB222A426F00020497 /* LaunchScreen.storyboard */; };
		189BAD00222A426F00020497 /* main.m in Sources */ = {isa = PBXBuildFile; fileRef = 189BACFF222A426F00020497 /* main.m */; };
		189BAD09222A469A00020497 /* TakePhotoController.m in Sources */ = {isa = PBXBuildFile; fileRef = 189BAD08222A469A00020497 /* TakePhotoController.m */; };
		189BAD0C222A4CB000020497 /* ViewPhotoController.m in Sources */ = {isa = PBXBuildFile; fileRef = 189BAD0B222A4CB000020497 /* ViewPhotoController.m */; };
/* End PBXBuildFile section */

/* Begin PBXFileReference section */
		189BACEA222A426F00020497 /* Mountaineer.app */ = {isa = PBXFileReference; explicitFileType = wrapper.application; includeInIndex = 0; path = Mountaineer.app; sourceTree = BUILT_PRODUCTS_DIR; };
		189BACED222A426F00020497 /* AppDelegate.h */ = {isa = PBXFileReference; lastKnownFileType = sourcecode.c.h; path = AppDelegate.h; sourceTree = "<group>"; };
		189BACEE222A426F00020497 /* AppDelegate.m */ = {isa = PBXFileReference; lastKnownFileType = sourcecode.c.objc; path = AppDelegate.m; sourceTree = "<group>"; };
		189BACF0222A426F00020497 /* ViewController.h */ = {isa = PBXFileReference; lastKnownFileType = sourcecode.c.h; path = ViewController.h; sourceTree = "<group>"; };
		189BACF1222A426F00020497 /* ViewController.m */ = {isa = PBXFileReference; lastKnownFileType = sourcecode.c.objc; path = ViewController.m; sourceTree = "<group>"; };
		189BACF4222A426F00020497 /* Base */ = {isa = PBXFileReference; lastKnownFileType = file.storyboard; name = Base; path = Base.lproj/Main.storyboard; sourceTree = "<group>"; };
		189BACF7222A426F00020497 /* Mountaineer.xcdatamodel */ = {isa = PBXFileReference; lastKnownFileType = wrapper.xcdatamodel; path = Mountaineer.xcdatamodel; sourceTree = "<group>"; };
		189BACF9222A426F00020497 /* Assets.xcassets */ = {isa = PBXFileReference; lastKnownFileType = folder.assetcatalog; path = Assets.xcassets; sourceTree = "<group>"; };
		189BACFC222A426F00020497 /* Base */ = {isa = PBXFileReference; lastKnownFileType = file.storyboard; name = Base; path = Base.lproj/LaunchScreen.storyboard; sourceTree = "<group>"; };
		189BACFE222A426F00020497 /* Info.plist */ = {isa = PBXFileReference; lastKnownFileType = text.plist.xml; path = Info.plist; sourceTree = "<group>"; };
		189BACFF222A426F00020497 /* main.m */ = {isa = PBXFileReference; lastKnownFileType = sourcecode.c.objc; path = main.m; sourceTree = "<group>"; };
		189BAD07222A469A00020497 /* TakePhotoController.h */ = {isa = PBXFileReference; lastKnownFileType = sourcecode.c.h; path = TakePhotoController.h; sourceTree = "<group>"; };
		189BAD08222A469A00020497 /* TakePhotoController.m */ = {isa = PBXFileReference; lastKnownFileType = sourcecode.c.objc; path = TakePhotoController.m; sourceTree = "<group>"; };
		189BAD0A222A4CB000020497 /* ViewPhotoController.h */ = {isa = PBXFileReference; lastKnownFileType = sourcecode.c.h; path = ViewPhotoController.h; sourceTree = "<group>"; };
		189BAD0B222A4CB000020497 /* ViewPhotoController.m */ = {isa = PBXFileReference; lastKnownFileType = sourcecode.c.objc; path = ViewPhotoController.m; sourceTree = "<group>"; };
/* End PBXFileReference section */

/* Begin PBXFrameworksBuildPhase section */
		189BACE7222A426F00020497 /* Frameworks */ = {
			isa = PBXFrameworksBuildPhase;
			buildActionMask = 2147483647;
			files = (
			);
			runOnlyForDeploymentPostprocessing = 0;
		};
/* End PBXFrameworksBuildPhase section */

/* Begin PBXGroup section */
		189BACE1222A426F00020497 = {
			isa = PBXGroup;
			children = (
				189BACEC222A426F00020497 /* Mountaineer */,
				189BACEB222A426F00020497 /* Products */,
			);
			sourceTree = "<group>";
		};
		189BACEB222A426F00020497 /* Products */ = {
			isa = PBXGroup;
			children = (
				189BACEA222A426F00020497 /* Mountaineer.app */,
			);
			name = Products;
			sourceTree = "<group>";
		};
		189BACEC222A426F00020497 /* Mountaineer */ = {
			isa = PBXGroup;
			children = (
				189BAD06222A458C00020497 /* Controllers */,
				189BACED222A426F00020497 /* AppDelegate.h */,
				189BACEE222A426F00020497 /* AppDelegate.m */,
				189BACF3222A426F00020497 /* Main.storyboard */,
				189BACF9222A426F00020497 /* Assets.xcassets */,
				189BACFB222A426F00020497 /* LaunchScreen.storyboard */,
				189BACFE222A426F00020497 /* Info.plist */,
				189BACFF222A426F00020497 /* main.m */,
				189BACF6222A426F00020497 /* Mountaineer.xcdatamodeld */,
			);
			path = Mountaineer;
			sourceTree = "<group>";
		};
		189BAD06222A458C00020497 /* Controllers */ = {
			isa = PBXGroup;
			children = (
				189BACF0222A426F00020497 /* ViewController.h */,
				189BACF1222A426F00020497 /* ViewController.m */,
				189BAD07222A469A00020497 /* TakePhotoController.h */,
				189BAD08222A469A00020497 /* TakePhotoController.m */,
				189BAD0A222A4CB000020497 /* ViewPhotoController.h */,
				189BAD0B222A4CB000020497 /* ViewPhotoController.m */,
			);
			path = Controllers;
			sourceTree = "<group>";
		};
/* End PBXGroup section */

/* Begin PBXNativeTarget section */
		189BACE9222A426F00020497 /* Mountaineer */ = {
			isa = PBXNativeTarget;
			buildConfigurationList = 189BAD03222A426F00020497 /* Build configuration list for PBXNativeTarget "Mountaineer" */;
			buildPhases = (
				189BACE6222A426F00020497 /* Sources */,
				189BACE7222A426F00020497 /* Frameworks */,
				189BACE8222A426F00020497 /* Resources */,
			);
			buildRules = (
			);
			dependencies = (
			);
			name = Mountaineer;
			productName = Mountaineer;
			productReference = 189BACEA222A426F00020497 /* Mountaineer.app */;
			productType = "com.apple.product-type.application";
		};
/* End PBXNativeTarget section */

/* Begin PBXProject section */
		189BACE2222A426F00020497 /* Project object */ = {
			isa = PBXProject;
			attributes = {
				LastUpgradeCheck = 0920;
				ORGANIZATIONNAME = "Rajesh Shinde";
				TargetAttributes = {
					189BACE9222A426F00020497 = {
						CreatedOnToolsVersion = 9.2;
						ProvisioningStyle = Automatic;
					};
				};
			};
			buildConfigurationList = 189BACE5222A426F00020497 /* Build configuration list for PBXProject "Mountaineer" */;
			compatibilityVersion = "Xcode 8.0";
			developmentRegion = en;
			hasScannedForEncodings = 0;
			knownRegions = (
				en,
				Base,
			);
			mainGroup = 189BACE1222A426F00020497;
			productRefGroup = 189BACEB222A426F00020497 /* Products */;
			projectDirPath = "";
			projectRoot = "";
			targets = (
				189BACE9222A426F00020497 /* Mountaineer */,
			);
		};
/* End PBXProject section */

/* Begin PBXResourcesBuildPhase section */
		189BACE8222A426F00020497 /* Resources */ = {
			isa = PBXResourcesBuildPhase;
			buildActionMask = 2147483647;
			files = (
				189BACFD222A426F00020497 /* LaunchScreen.storyboard in Resources */,
				189BACFA222A426F00020497 /* Assets.xcassets in Resources */,
				189BACF5222A426F00020497 /* Main.storyboard in Resources */,
			);
			runOnlyForDeploymentPostprocessing = 0;
		};
/* End PBXResourcesBuildPhase section */

/* Begin PBXSourcesBuildPhase section */
		189BACE6222A426F00020497 /* Sources */ = {
			isa = PBXSourcesBuildPhase;
			buildActionMask = 2147483647;
			files = (
				189BACF2222A426F00020497 /* ViewController.m in Sources */,
				189BACEF222A426F00020497 /* AppDelegate.m in Sources */,
				189BAD09222A469A00020497 /* TakePhotoController.m in Sources */,
				189BAD0C222A4CB000020497 /* ViewPhotoController.m in Sources */,
				189BAD00222A426F00020497 /* main.m in Sources */,
				189BACF8222A426F00020497 /* Mountaineer.xcdatamodeld in Sources */,
			);
			runOnlyForDeploymentPostprocessing = 0;
		};
/* End PBXSourcesBuildPhase section */

/* Begin PBXVariantGroup section */
		189BACF3222A426F00020497 /* Main.storyboard */ = {
			isa = PBXVariantGroup;
			children = (
				189BACF4222A426F00020497 /* Base */,
			);
			name = Main.storyboard;
			sourceTree = "<group>";
		};
		189BACFB222A426F00020497 /* LaunchScreen.storyboard */ = {
			isa = PBXVariantGroup;
			children = (
				189BACFC222A426F00020497 /* Base */,
			);
			name = LaunchScreen.storyboard;
			sourceTree = "<group>";
		};
/* End PBXVariantGroup section */

/* Begin XCBuildConfiguration section */
		189BAD01222A426F00020497 /* Debug */ = {
			isa = XCBuildConfiguration;
			buildSettings = {
				ALWAYS_SEARCH_USER_PATHS = NO;
				CLANG_ANALYZER_NONNULL = YES;
				CLANG_ANALYZER_NUMBER_OBJECT_CONVERSION = YES_AGGRESSIVE;
				CLANG_CXX_LANGUAGE_STANDARD = "gnu++14";
				CLANG_CXX_LIBRARY = "libc++";
				CLANG_ENABLE_MODULES = YES;
				CLANG_ENABLE_OBJC_ARC = YES;
				CLANG_WARN_BLOCK_CAPTURE_AUTORELEASING = YES;
				CLANG_WARN_BOOL_CONVERSION = YES;
				CLANG_WARN_COMMA = YES;
				CLANG_WARN_CONSTANT_CONVERSION = YES;
				CLANG_WARN_DIRECT_OBJC_ISA_USAGE = YES_ERROR;
				CLANG_WARN_DOCUMENTATION_COMMENTS = YES;
				CLANG_WARN_EMPTY_BODY = YES;
				CLANG_WARN_ENUM_CONVERSION = YES;
				CLANG_WARN_INFINITE_RECURSION = YES;
				CLANG_WARN_INT_CONVERSION = YES;
				CLANG_WARN_NON_LITERAL_NULL_CONVERSION = YES;
				CLANG_WARN_OBJC_LITERAL_CONVERSION = YES;
				CLANG_WARN_OBJC_ROOT_CLASS = YES_ERROR;
				CLANG_WARN_RANGE_LOOP_ANALYSIS = YES;
				CLANG_WARN_STRICT_PROTOTYPES = YES;
				CLANG_WARN_SUSPICIOUS_MOVE = YES;
				CLANG_WARN_UNGUARDED_AVAILABILITY = YES_AGGRESSIVE;
				CLANG_WARN_UNREACHABLE_CODE = YES;
				CLANG_WARN__DUPLICATE_METHOD_MATCH = YES;
				CODE_SIGN_IDENTITY = "iPhone Developer";
				COPY_PHASE_STRIP = NO;
				DEBUG_INFORMATION_FORMAT = dwarf;
				ENABLE_STRICT_OBJC_MSGSEND = YES;
				ENABLE_TESTABILITY = YES;
				GCC_C_LANGUAGE_STANDARD = gnu11;
				GCC_DYNAMIC_NO_PIC = NO;
				GCC_NO_COMMON_BLOCKS = YES;
				GCC_OPTIMIZATION_LEVEL = 0;
				GCC_PREPROCESSOR_DEFINITIONS = (
					"DEBUG=1",
					"$(inherited)",
				);
				GCC_WARN_64_TO_32_BIT_CONVERSION = YES;
				GCC_WARN_ABOUT_RETURN_TYPE = YES_ERROR;
				GCC_WARN_UNDECLARED_SELECTOR = YES;
				GCC_WARN_UNINITIALIZED_AUTOS = YES_AGGRESSIVE;
				GCC_WARN_UNUSED_FUNCTION = YES;
				GCC_WARN_UNUSED_VARIABLE = YES;
				IPHONEOS_DEPLOYMENT_TARGET = 11.2;
				MTL_ENABLE_DEBUG_INFO = YES;
				ONLY_ACTIVE_ARCH = YES;
				SDKROOT = iphoneos;
			};
			name = Debug;
		};
		189BAD02222A426F00020497 /* Release */ = {
			isa = XCBuildConfiguration;
			buildSettings = {
				ALWAYS_SEARCH_USER_PATHS = NO;
				CLANG_ANALYZER_NONNULL = YES;
				CLANG_ANALYZER_NUMBER_OBJECT_CONVERSION = YES_AGGRESSIVE;
				CLANG_CXX_LANGUAGE_STANDARD = "gnu++14";
				CLANG_CXX_LIBRARY = "libc++";
				CLANG_ENABLE_MODULES = YES;
				CLANG_ENABLE_OBJC_ARC = YES;
				CLANG_WARN_BLOCK_CAPTURE_AUTORELEASING = YES;
				CLANG_WARN_BOOL_CONVERSION = YES;
				CLANG_WARN_COMMA = YES;
				CLANG_WARN_CONSTANT_CONVERSION = YES;
				CLANG_WARN_DIRECT_OBJC_ISA_USAGE = YES_ERROR;
				CLANG_WARN_DOCUMENTATION_COMMENTS = YES;
				CLANG_WARN_EMPTY_BODY = YES;
				CLANG_WARN_ENUM_CONVERSION = YES;
				CLANG_WARN_INFINITE_RECURSION = YES;
				CLANG_WARN_INT_CONVERSION = YES;
				CLANG_WARN_NON_LITERAL_NULL_CONVERSION = YES;
				CLANG_WARN_OBJC_LITERAL_CONVERSION = YES;
				CLANG_WARN_OBJC_ROOT_CLASS = YES_ERROR;
				CLANG_WARN_RANGE_LOOP_ANALYSIS = YES;
				CLANG_WARN_STRICT_PROTOTYPES = YES;
				CLANG_WARN_SUSPICIOUS_MOVE = YES;
				CLANG_WARN_UNGUARDED_AVAILABILITY = YES_AGGRESSIVE;
				CLANG_WARN_UNREACHABLE_CODE = YES;
				CLANG_WARN__DUPLICATE_METHOD_MATCH = YES;
				CODE_SIGN_IDENTITY = "iPhone Developer";
				COPY_PHASE_STRIP = NO;
				DEBUG_INFORMATION_FORMAT = "dwarf-with-dsym";
				ENABLE_NS_ASSERTIONS = NO;
				ENABLE_STRICT_OBJC_MSGSEND = YES;
				GCC_C_LANGUAGE_STANDARD = gnu11;
				GCC_NO_COMMON_BLOCKS = YES;
				GCC_WARN_64_TO_32_BIT_CONVERSION = YES;
				GCC_WARN_ABOUT_RETURN_TYPE = YES_ERROR;
				GCC_WARN_UNDECLARED_SELECTOR = YES;
				GCC_WARN_UNINITIALIZED_AUTOS = YES_AGGRESSIVE;
				GCC_WARN_UNUSED_FUNCTION = YES;
				GCC_WARN_UNUSED_VARIABLE = YES;
				IPHONEOS_DEPLOYMENT_TARGET = 11.2;
				MTL_ENABLE_DEBUG_INFO = NO;
				SDKROOT = iphoneos;
				VALIDATE_PRODUCT = YES;
			};
			name = Release;
		};
		189BAD04222A426F00020497 /* Debug */ = {
			isa = XCBuildConfiguration;
			buildSettings = {
				ASSETCATALOG_COMPILER_APPICON_NAME = AppIcon;
				CODE_SIGN_STYLE = Automatic;
				DEVELOPMENT_TEAM = MJ8C2HHV6P;
				INFOPLIST_FILE = Mountaineer/Info.plist;
				IPHONEOS_DEPLOYMENT_TARGET = 9.3;
				LD_RUNPATH_SEARCH_PATHS = "$(inherited) @executable_path/Frameworks";
				PRODUCT_BUNDLE_IDENTIFIER = com.mountaineer.Mountaineer;
				PRODUCT_NAME = "$(TARGET_NAME)";
				TARGETED_DEVICE_FAMILY = 1;
			};
			name = Debug;
		};
		189BAD05222A426F00020497 /* Release */ = {
			isa = XCBuildConfiguration;
			buildSettings = {
				ASSETCATALOG_COMPILER_APPICON_NAME = AppIcon;
				CODE_SIGN_STYLE = Automatic;
				DEVELOPMENT_TEAM = MJ8C2HHV6P;
				INFOPLIST_FILE = Mountaineer/Info.plist;
				IPHONEOS_DEPLOYMENT_TARGET = 9.3;
				LD_RUNPATH_SEARCH_PATHS = "$(inherited) @executable_path/Frameworks";
				PRODUCT_BUNDLE_IDENTIFIER = com.mountaineer.Mountaineer;
				PRODUCT_NAME = "$(TARGET_NAME)";
				TARGETED_DEVICE_FAMILY = 1;
			};
			name = Release;
		};
/* End XCBuildConfiguration section */

/* Begin XCConfigurationList section */
		189BACE5222A426F00020497 /* Build configuration list for PBXProject "Mountaineer" */ = {
			isa = XCConfigurationList;
			buildConfigurations = (
				189BAD01222A426F00020497 /* Debug */,
				189BAD02222A426F00020497 /* Release */,
			);
			defaultConfigurationIsVisible = 0;
			defaultConfigurationName = Release;
		};
		189BAD03222A426F00020497 /* Build configuration list for PBXNativeTarget "Mountaineer" */ = {
			isa = XCConfigurationList;
			buildConfigurations = (
				189BAD04222A426F00020497 /* Debug */,
				189BAD05222A426F00020497 /* Release */,
			);
			defaultConfigurationIsVisible = 0;
			defaultConfigurationName = Release;
		};
/* End XCConfigurationList section */

/* Begin XCVersionGroup section */
		189BACF6222A426F00020497 /* Mountaineer.xcdatamodeld */ = {
			isa = XCVersionGroup;
			children = (
				189BACF7222A426F00020497 /* Mountaineer.xcdatamodel */,
			);
			currentVersion = 189BACF7222A426F00020497 /* Mountaineer.xcdatamodel */;
			path = Mountaineer.xcdatamodeld;
			sourceTree = "<group>";
			versionGroupType = wrapper.xcdatamodel;
		};
/* End XCVersionGroup section */
	};
	rootObject = 189BACE2222A426F00020497 /* Project object */;
}
